
Microsoft Visual Studio Solution File, Format Version 12.00
# Visual Studio Version 17
VisualStudioVersion = 17.0.31903.59
MinimumVisualStudioVersion = 10.0.40219.1
Project("{2150E333-8FDC-42A3-9474-1A3956D46DE8}") = "src", "src", "{8BD1CB42-072C-4C83-9685-1A4B45891E63}"
EndProject
Project("{2150E333-8FDC-42A3-9474-1A3956D46DE8}") = "Domain", "Domain", "{3CAC7A73-58FB-4567-87F9-636F463FCE7C}"
EndProject
Project("{9A19103F-16F7-4668-BE54-9A1E7A4F7556}") = "Alfa.CarRental.Domain", "src\Domain\Alfa.CarRental.Domain\Alfa.CarRental.Domain.csproj", "{327507EE-20D3-4CA0-AC52-B2F15365B862}"
EndProject
Project("{2150E333-8FDC-42A3-9474-1A3956D46DE8}") = "Application", "Application", "{11934776-F09D-4B65-B6B0-C71AC7D2498D}"
EndProject
Project("{9A19103F-16F7-4668-BE54-9A1E7A4F7556}") = "Alfa.CarRental.Application", "src\Application\Alfa.CarRental.Application\Alfa.CarRental.Application.csproj", "{24A812D1-7FA8-4E50-9557-CC20460482F5}"
EndProject
Project("{2150E333-8FDC-42A3-9474-1A3956D46DE8}") = "Infrastructure", "Infrastructure", "{08A0AA2B-A55F-47F5-9FB0-D6C0CF63F31B}"
EndProject
Project("{9A19103F-16F7-4668-BE54-9A1E7A4F7556}") = "Alfa.CarRental.Infrastructure", "src\Infrastructure\Alfa.CarRental.Infrastructure\Alfa.CarRental.Infrastructure.csproj", "{2B3CB5B6-21A1-4269-B4FD-9D194B7AB04F}"
EndProject
Project("{2150E333-8FDC-42A3-9474-1A3956D46DE8}") = "WebApi", "WebApi", "{E8E8CA05-FC5F-4F71-A7F6-E07479C7A451}"
EndProject
Project("{FAE04EC0-301F-11D3-BF4B-00C04F79EFBC}") = "Alfa.CarRental.WebApi", "src\WebApi\Alfa.CarRental.WebApi\Alfa.CarRental.WebApi.csproj", "{2CBE9F5D-8F1A-465B-A962-929FFA20D6F2}"
EndProject
Global
	GlobalSection(SolutionConfigurationPlatforms) = preSolution
		Debug|Any CPU = Debug|Any CPU
		Release|Any CPU = Release|Any CPU
	EndGlobalSection
	GlobalSection(ProjectConfigurationPlatforms) = postSolution
		{327507EE-20D3-4CA0-AC52-B2F15365B862}.Debug|Any CPU.ActiveCfg = Debug|Any CPU
		{327507EE-20D3-4CA0-AC52-B2F15365B862}.Debug|Any CPU.Build.0 = Debug|Any CPU
		{327507EE-20D3-4CA0-AC52-B2F15365B862}.Release|Any CPU.ActiveCfg = Release|Any CPU
		{327507EE-20D3-4CA0-AC52-B2F15365B862}.Release|Any CPU.Build.0 = Release|Any CPU
		{24A812D1-7FA8-4E50-9557-CC20460482F5}.Debug|Any CPU.ActiveCfg = Debug|Any CPU
		{24A812D1-7FA8-4E50-9557-CC20460482F5}.Debug|Any CPU.Build.0 = Debug|Any CPU
		{24A812D1-7FA8-4E50-9557-CC20460482F5}.Release|Any CPU.ActiveCfg = Release|Any CPU
		{24A812D1-7FA8-4E50-9557-CC20460482F5}.Release|Any CPU.Build.0 = Release|Any CPU
		{2B3CB5B6-21A1-4269-B4FD-9D194B7AB04F}.Debug|Any CPU.ActiveCfg = Debug|Any CPU
		{2B3CB5B6-21A1-4269-B4FD-9D194B7AB04F}.Debug|Any CPU.Build.0 = Debug|Any CPU
		{2B3CB5B6-21A1-4269-B4FD-9D194B7AB04F}.Release|Any CPU.ActiveCfg = Release|Any CPU
		{2B3CB5B6-21A1-4269-B4FD-9D194B7AB04F}.Release|Any CPU.Build.0 = Release|Any CPU
		{2CBE9F5D-8F1A-465B-A962-929FFA20D6F2}.Debug|Any CPU.ActiveCfg = Debug|Any CPU
		{2CBE9F5D-8F1A-465B-A962-929FFA20D6F2}.Debug|Any CPU.Build.0 = Debug|Any CPU
		{2CBE9F5D-8F1A-465B-A962-929FFA20D6F2}.Release|Any CPU.ActiveCfg = Release|Any CPU
		{2CBE9F5D-8F1A-465B-A962-929FFA20D6F2}.Release|Any CPU.Build.0 = Release|Any CPU
	EndGlobalSection
	GlobalSection(SolutionProperties) = preSolution
		HideSolutionNode = FALSE
	EndGlobalSection
	GlobalSection(NestedProjects) = preSolution
		{3CAC7A73-58FB-4567-87F9-636F463FCE7C} = {8BD1CB42-072C-4C83-9685-1A4B45891E63}
		{327507EE-20D3-4CA0-AC52-B2F15365B862} = {3CAC7A73-58FB-4567-87F9-636F463FCE7C}
		{11934776-F09D-4B65-B6B0-C71AC7D2498D} = {8BD1CB42-072C-4C83-9685-1A4B45891E63}
		{24A812D1-7FA8-4E50-9557-CC20460482F5} = {11934776-F09D-4B65-B6B0-C71AC7D2498D}
		{08A0AA2B-A55F-47F5-9FB0-D6C0CF63F31B} = {8BD1CB42-072C-4C83-9685-1A4B45891E63}
		{2B3CB5B6-21A1-4269-B4FD-9D194B7AB04F} = {08A0AA2B-A55F-47F5-9FB0-D6C0CF63F31B}
		{E8E8CA05-FC5F-4F71-A7F6-E07479C7A451} = {8BD1CB42-072C-4C83-9685-1A4B45891E63}
		{2CBE9F5D-8F1A-465B-A962-929FFA20D6F2} = {E8E8CA05-FC5F-4F71-A7F6-E07479C7A451}
	EndGlobalSection
	GlobalSection(ExtensibilityGlobals) = postSolution
		SolutionGuid = {E270F168-B5F5-444F-AF9B-AA17B3312D5A}
	EndGlobalSection
EndGlobal
